
Microsoft Visual Studio Solution File, Format Version 12.00
# Visual Studio Version 16
VisualStudioVersion = 16.0.29306.81
MinimumVisualStudioVersion = 10.0.40219.1
Project("{FAE04EC0-301F-11D3-BF4B-00C04F79EFBC}") = "Client_Server_TCP", "Client_Server_TCP\Client_Server_TCP.csproj", "{E40C6122-E13A-472D-BD81-8A02DD5E25A8}"
EndProject
Global
	GlobalSection(SolutionConfigurationPlatforms) = preSolution
		Debug|Any CPU = Debug|Any CPU
		Release|Any CPU = Release|Any CPU
	EndGlobalSection
	GlobalSection(ProjectConfigurationPlatforms) = postSolution
		{E40C6122-E13A-472D-BD81-8A02DD5E25A8}.Debug|Any CPU.ActiveCfg = Debug|Any CPU
		{E40C6122-E13A-472D-BD81-8A02DD5E25A8}.Debug|Any CPU.Build.0 = Debug|Any CPU
		{E40C6122-E13A-472D-BD81-8A02DD5E25A8}.Debug|Any CPU.Deploy.0 = Debug|Any CPU
		{E40C6122-E13A-472D-BD81-8A02DD5E25A8}.Release|Any CPU.ActiveCfg = Release|Any CPU
		{E40C6122-E13A-472D-BD81-8A02DD5E25A8}.Release|Any CPU.Build.0 = Release|Any CPU
		{E40C6122-E13A-472D-BD81-8A02DD5E25A8}.Release|Any CPU.Deploy.0 = Release|Any CPU
	EndGlobalSection
	GlobalSection(SolutionProperties) = preSolution
		HideSolutionNode = FALSE
	EndGlobalSection
	GlobalSection(ExtensibilityGlobals) = postSolution
		SolutionGuid = {543F4184-9C2A-4264-B4A2-D8210C305285}
	EndGlobalSection
EndGlobal
